
Microsoft Visual Studio Solution File, Format Version 12.00
# Visual Studio Version 16
VisualStudioVersion = 16.0.31129.286
MinimumVisualStudioVersion = 10.0.40219.1
Project("{FAE04EC0-301F-11D3-BF4B-00C04F79EFBC}") = "AWare", "AWare\AWare.csproj", "{40C35E29-B5E5-4141-AE6E-CE064116FDEB}"
EndProject
Global
	GlobalSection(SolutionConfigurationPlatforms) = preSolution
		Debug|Any CPU = Debug|Any CPU
		Release|Any CPU = Release|Any CPU
	EndGlobalSection
	GlobalSection(ProjectConfigurationPlatforms) = postSolution
		{40C35E29-B5E5-4141-AE6E-CE064116FDEB}.Debug|Any CPU.ActiveCfg = Debug|Any CPU
		{40C35E29-B5E5-4141-AE6E-CE064116FDEB}.Debug|Any CPU.Build.0 = Debug|Any CPU
		{40C35E29-B5E5-4141-AE6E-CE064116FDEB}.Release|Any CPU.ActiveCfg = Release|Any CPU
		{40C35E29-B5E5-4141-AE6E-CE064116FDEB}.Release|Any CPU.Build.0 = Release|Any CPU
	EndGlobalSection
	GlobalSection(SolutionProperties) = preSolution
		HideSolutionNode = FALSE
	EndGlobalSection
	GlobalSection(ExtensibilityGlobals) = postSolution
		SolutionGuid = {D6AB275B-7971-4859-AA47-79312C378D01}
	EndGlobalSection
EndGlobal
